
Microsoft Visual Studio Solution File, Format Version 12.00
# Visual Studio Version 16
VisualStudioVersion = 16.0.29806.167
MinimumVisualStudioVersion = 10.0.40219.1
Project("{8BC9CEB8-8B4A-11D0-8D11-00A0C91BC942}") = "Lados do triangulo", "Lados do triangulo.vcxproj", "{F5D453A1-5C2B-4188-897D-5073E9CE1661}"
EndProject
Global
	GlobalSection(SolutionConfigurationPlatforms) = preSolution
		Debug|x64 = Debug|x64
		Debug|x86 = Debug|x86
		Release|x64 = Release|x64
		Release|x86 = Release|x86
	EndGlobalSection
	GlobalSection(ProjectConfigurationPlatforms) = postSolution
		{F5D453A1-5C2B-4188-897D-5073E9CE1661}.Debug|x64.ActiveCfg = Debug|x64
		{F5D453A1-5C2B-4188-897D-5073E9CE1661}.Debug|x64.Build.0 = Debug|x64
		{F5D453A1-5C2B-4188-897D-5073E9CE1661}.Debug|x86.ActiveCfg = Debug|Win32
		{F5D453A1-5C2B-4188-897D-5073E9CE1661}.Debug|x86.Build.0 = Debug|Win32
		{F5D453A1-5C2B-4188-897D-5073E9CE1661}.Release|x64.ActiveCfg = Release|x64
		{F5D453A1-5C2B-4188-897D-5073E9CE1661}.Release|x64.Build.0 = Release|x64
		{F5D453A1-5C2B-4188-897D-5073E9CE1661}.Release|x86.ActiveCfg = Release|Win32
		{F5D453A1-5C2B-4188-897D-5073E9CE1661}.Release|x86.Build.0 = Release|Win32
	EndGlobalSection
	GlobalSection(SolutionProperties) = preSolution
		HideSolutionNode = FALSE
	EndGlobalSection
	GlobalSection(ExtensibilityGlobals) = postSolution
		SolutionGuid = {DC4F046B-E05F-4F90-BBC1-78F37852E741}
	EndGlobalSection
EndGlobal
